
Microsoft Visual Studio Solution File, Format Version 12.00
# Visual Studio Version 17
VisualStudioVersion = 17.0.31903.59
MinimumVisualStudioVersion = 10.0.40219.1
Project("{8BC9CEB8-8B4A-11D0-8D11-00A0C91BC942}") = "DayFour", "DayFour\DayFour.vcxproj", "{92C69232-15E3-4758-907F-4C31653490CE}"
EndProject
Global
	GlobalSection(SolutionConfigurationPlatforms) = preSolution
		Debug|x64 = Debug|x64
		Debug|x86 = Debug|x86
		Release|x64 = Release|x64
		Release|x86 = Release|x86
	EndGlobalSection
	GlobalSection(ProjectConfigurationPlatforms) = postSolution
		{92C69232-15E3-4758-907F-4C31653490CE}.Debug|x64.ActiveCfg = Debug|x64
		{92C69232-15E3-4758-907F-4C31653490CE}.Debug|x64.Build.0 = Debug|x64
		{92C69232-15E3-4758-907F-4C31653490CE}.Debug|x86.ActiveCfg = Debug|Win32
		{92C69232-15E3-4758-907F-4C31653490CE}.Debug|x86.Build.0 = Debug|Win32
		{92C69232-15E3-4758-907F-4C31653490CE}.Release|x64.ActiveCfg = Release|x64
		{92C69232-15E3-4758-907F-4C31653490CE}.Release|x64.Build.0 = Release|x64
		{92C69232-15E3-4758-907F-4C31653490CE}.Release|x86.ActiveCfg = Release|Win32
		{92C69232-15E3-4758-907F-4C31653490CE}.Release|x86.Build.0 = Release|Win32
	EndGlobalSection
	GlobalSection(SolutionProperties) = preSolution
		HideSolutionNode = FALSE
	EndGlobalSection
	GlobalSection(ExtensibilityGlobals) = postSolution
		SolutionGuid = {BAE17452-CBCB-41A9-90B0-FDB3EBFBBA39}
	EndGlobalSection
EndGlobal
